{
    "version": 3,
    "terraform_version": "0.11.8",
    "serial": 6,
    "lineage": "6701f6fb-e1b1-a402-ee67-0b4889d1206b",
    "modules": [
        {
            "path": [
                "root"
            ],
            "outputs": {
                "asg_name": {
                    "sensitive": false,
                    "type": "string",
                    "value": "lybrate_autosaclling"
                }
            },
            "resources": {
                "aws_autoscaling_group.asg": {
                    "type": "aws_autoscaling_group",
                    "depends_on": [
                        "aws_launch_configuration.lc"
                    ],
                    "primary": {
                        "id": "lybrate_autosaclling",
                        "attributes": {
                            "arn": "arn:aws:autoscaling:ap-southeast-1:142253524356:autoScalingGroup:e6bdc2dd-721f-4152-910f-7b9cd21687de:autoScalingGroupName/lybrate_autosaclling",
                            "availability_zones.#": "1",
                            "availability_zones.2424750709": "ap-southeast-1a",
                            "default_cooldown": "300",
                            "desired_capacity": "1",
                            "enabled_metrics.#": "0",
                            "force_delete": "true",
                            "health_check_grace_period": "300",
                            "health_check_type": "ELB",
                            "id": "lybrate_autosaclling",
                            "launch_configuration": "lybrate_autosaclling_lc20181009065324670800000001",
                            "launch_template.#": "0",
                            "load_balancers.#": "1",
                            "load_balancers.3856082852": "apache-public-face-elb",
                            "max_size": "2",
                            "metrics_granularity": "1Minute",
                            "min_size": "1",
                            "name": "lybrate_autosaclling",
                            "placement_group": "",
                            "protect_from_scale_in": "false",
                            "service_linked_role_arn": "arn:aws:iam::142253524356:role/aws-service-role/autoscaling.amazonaws.com/AWSServiceRoleForAutoScaling",
                            "suspended_processes.#": "0",
                            "tag.#": "1",
                            "tag.3766722239.key": "Name",
                            "tag.3766722239.propagate_at_launch": "true",
                            "tag.3766722239.value": "lybrate_autosaclling_asg",
                            "target_group_arns.#": "0",
                            "termination_policies.#": "1",
                            "termination_policies.0": "NewestInstance",
                            "vpc_zone_identifier.#": "1",
                            "vpc_zone_identifier.1332194983": "subnet-ba1445cc",
                            "wait_for_capacity_timeout": "10m"
                        },
                        "meta": {
                            "e2bfb730-ecaa-11e6-8f88-34363bc7c4c0": {
                                "delete": 600000000000
                            }
                        },
                        "tainted": false
                    },
                    "deposed": [],
                    "provider": "provider.aws"
                },
                "aws_autoscaling_notification.waf_notifications": {
                    "type": "aws_autoscaling_notification",
                    "depends_on": [
                        "aws_autoscaling_group.asg",
                        "aws_sns_topic.scaleupscaledownalerts"
                    ],
                    "primary": {
                        "id": "arn:aws:sns:ap-southeast-1:142253524356:scaleupscaledownalerts",
                        "attributes": {
                            "group_names.#": "1",
                            "group_names.3110649395": "lybrate_autosaclling",
                            "id": "arn:aws:sns:ap-southeast-1:142253524356:scaleupscaledownalerts",
                            "notifications.#": "4",
                            "notifications.3116970575": "autoscaling:EC2_INSTANCE_TERMINATE",
                            "notifications.3298075921": "autoscaling:EC2_INSTANCE_TERMINATE_ERROR",
                            "notifications.4098158487": "autoscaling:EC2_INSTANCE_LAUNCH",
                            "notifications.753791182": "autoscaling:EC2_INSTANCE_LAUNCH_ERROR",
                            "topic_arn": "arn:aws:sns:ap-southeast-1:142253524356:scaleupscaledownalerts"
                        },
                        "meta": {},
                        "tainted": false
                    },
                    "deposed": [],
                    "provider": "provider.aws"
                },
                "aws_autoscaling_policy.scale-down-policy-prodwaf": {
                    "type": "aws_autoscaling_policy",
                    "depends_on": [
                        "aws_autoscaling_group.asg"
                    ],
                    "primary": {
                        "id": "scale-down-policy-prodwaf",
                        "attributes": {
                            "adjustment_type": "ChangeInCapacity",
                            "arn": "arn:aws:autoscaling:ap-southeast-1:142253524356:scalingPolicy:b459b6da-ed8c-4426-bcee-977d606ff079:autoScalingGroupName/lybrate_autosaclling:policyName/scale-down-policy-prodwaf",
                            "autoscaling_group_name": "lybrate_autosaclling",
                            "cooldown": "300",
                            "estimated_instance_warmup": "0",
                            "id": "scale-down-policy-prodwaf",
                            "metric_aggregation_type": "",
                            "min_adjustment_step": "0",
                            "name": "scale-down-policy-prodwaf",
                            "policy_type": "SimpleScaling",
                            "scaling_adjustment": "-1",
                            "step_adjustment.#": "0",
                            "target_tracking_configuration.#": "0"
                        },
                        "meta": {},
                        "tainted": false
                    },
                    "deposed": [],
                    "provider": "provider.aws"
                },
                "aws_autoscaling_policy.scale-up-policy-prodwaf": {
                    "type": "aws_autoscaling_policy",
                    "depends_on": [
                        "aws_autoscaling_group.asg"
                    ],
                    "primary": {
                        "id": "scale-up-policy-prodwaf",
                        "attributes": {
                            "adjustment_type": "ChangeInCapacity",
                            "arn": "arn:aws:autoscaling:ap-southeast-1:142253524356:scalingPolicy:f8c05662-c806-4eca-88e0-de1522ed5f08:autoScalingGroupName/lybrate_autosaclling:policyName/scale-up-policy-prodwaf",
                            "autoscaling_group_name": "lybrate_autosaclling",
                            "cooldown": "150",
                            "estimated_instance_warmup": "0",
                            "id": "scale-up-policy-prodwaf",
                            "metric_aggregation_type": "",
                            "min_adjustment_step": "0",
                            "name": "scale-up-policy-prodwaf",
                            "policy_type": "SimpleScaling",
                            "scaling_adjustment": "1",
                            "step_adjustment.#": "0",
                            "target_tracking_configuration.#": "0"
                        },
                        "meta": {},
                        "tainted": false
                    },
                    "deposed": [],
                    "provider": "provider.aws"
                },
                "aws_cloudwatch_metric_alarm.cpualarm-down-prodwaf": {
                    "type": "aws_cloudwatch_metric_alarm",
                    "depends_on": [
                        "aws_autoscaling_group.asg",
                        "aws_autoscaling_policy.scale-down-policy-prodwaf",
                        "aws_sns_topic.scaleupscaledownalerts"
                    ],
                    "primary": {
                        "id": "cpualarm-down-prodwaf",
                        "attributes": {
                            "actions_enabled": "true",
                            "alarm_actions.#": "2",
                            "alarm_actions.1809864641": "arn:aws:sns:ap-southeast-1:142253524356:scaleupscaledownalerts",
                            "alarm_actions.432765970": "arn:aws:autoscaling:ap-southeast-1:142253524356:scalingPolicy:b459b6da-ed8c-4426-bcee-977d606ff079:autoScalingGroupName/lybrate_autosaclling:policyName/scale-down-policy-prodwaf",
                            "alarm_description": "This metric monitors ec2 cpu utilization",
                            "alarm_name": "cpualarm-down-prodwaf",
                            "arn": "arn:aws:cloudwatch:ap-southeast-1:142253524356:alarm:cpualarm-down-prodwaf",
                            "comparison_operator": "LessThanOrEqualToThreshold",
                            "datapoints_to_alarm": "0",
                            "dimensions.%": "1",
                            "dimensions.AutoScalingGroupName": "lybrate_autosaclling",
                            "evaluate_low_sample_count_percentiles": "",
                            "evaluation_periods": "1",
                            "extended_statistic": "",
                            "id": "cpualarm-down-prodwaf",
                            "insufficient_data_actions.#": "0",
                            "metric_name": "CPUUtilization",
                            "namespace": "AWS/EC2",
                            "ok_actions.#": "0",
                            "period": "120",
                            "statistic": "Average",
                            "threshold": "40",
                            "treat_missing_data": "missing",
                            "unit": ""
                        },
                        "meta": {
                            "schema_version": "1"
                        },
                        "tainted": false
                    },
                    "deposed": [],
                    "provider": "provider.aws"
                },
                "aws_cloudwatch_metric_alarm.cpualarm-up-prodwaf": {
                    "type": "aws_cloudwatch_metric_alarm",
                    "depends_on": [
                        "aws_autoscaling_group.asg",
                        "aws_autoscaling_policy.scale-up-policy-prodwaf",
                        "aws_sns_topic.scaleupscaledownalerts"
                    ],
                    "primary": {
                        "id": "cpualarm-up-prodwaf",
                        "attributes": {
                            "actions_enabled": "true",
                            "alarm_actions.#": "2",
                            "alarm_actions.1809864641": "arn:aws:sns:ap-southeast-1:142253524356:scaleupscaledownalerts",
                            "alarm_actions.924109943": "arn:aws:autoscaling:ap-southeast-1:142253524356:scalingPolicy:f8c05662-c806-4eca-88e0-de1522ed5f08:autoScalingGroupName/lybrate_autosaclling:policyName/scale-up-policy-prodwaf",
                            "alarm_description": "This metric monitors ec2 cpu utilization",
                            "alarm_name": "cpualarm-up-prodwaf",
                            "arn": "arn:aws:cloudwatch:ap-southeast-1:142253524356:alarm:cpualarm-up-prodwaf",
                            "comparison_operator": "GreaterThanOrEqualToThreshold",
                            "datapoints_to_alarm": "0",
                            "dimensions.%": "1",
                            "dimensions.AutoScalingGroupName": "lybrate_autosaclling",
                            "evaluate_low_sample_count_percentiles": "",
                            "evaluation_periods": "1",
                            "extended_statistic": "",
                            "id": "cpualarm-up-prodwaf",
                            "insufficient_data_actions.#": "0",
                            "metric_name": "CPUUtilization",
                            "namespace": "AWS/EC2",
                            "ok_actions.#": "0",
                            "period": "120",
                            "statistic": "Average",
                            "threshold": "70",
                            "treat_missing_data": "missing",
                            "unit": ""
                        },
                        "meta": {
                            "schema_version": "1"
                        },
                        "tainted": false
                    },
                    "deposed": [],
                    "provider": "provider.aws"
                },
                "aws_launch_configuration.lc": {
                    "type": "aws_launch_configuration",
                    "depends_on": [],
                    "primary": {
                        "id": "lybrate_autosaclling_lc20181009065324670800000001",
                        "attributes": {
                            "associate_public_ip_address": "false",
                            "ebs_block_device.#": "0",
                            "ebs_optimized": "false",
                            "enable_monitoring": "false",
                            "ephemeral_block_device.#": "0",
                            "iam_instance_profile": "",
                            "id": "lybrate_autosaclling_lc20181009065324670800000001",
                            "image_id": "ami-0725b40295062a0ab",
                            "instance_type": "t2.micro",
                            "key_name": "rajat",
                            "name": "lybrate_autosaclling_lc20181009065324670800000001",
                            "name_prefix": "lybrate_autosaclling_lc",
                            "root_block_device.#": "1",
                            "root_block_device.0.delete_on_termination": "true",
                            "root_block_device.0.iops": "0",
                            "root_block_device.0.volume_size": "15",
                            "root_block_device.0.volume_type": "gp2",
                            "security_groups.#": "1",
                            "security_groups.3078530690": "apache_sg",
                            "spot_price": "",
                            "user_data": "22df403a74961a7d638665e280a722d327a412cf",
                            "vpc_classic_link_id": "",
                            "vpc_classic_link_security_groups.#": "0"
                        },
                        "meta": {},
                        "tainted": false
                    },
                    "deposed": [],
                    "provider": "provider.aws"
                },
                "aws_sns_topic.scaleupscaledownalerts": {
                    "type": "aws_sns_topic",
                    "depends_on": [],
                    "primary": {
                        "id": "arn:aws:sns:ap-southeast-1:142253524356:scaleupscaledownalerts",
                        "attributes": {
                            "application_failure_feedback_role_arn": "",
                            "application_success_feedback_role_arn": "",
                            "application_success_feedback_sample_rate": "0",
                            "arn": "arn:aws:sns:ap-southeast-1:142253524356:scaleupscaledownalerts",
                            "delivery_policy": "",
                            "display_name": "",
                            "http_failure_feedback_role_arn": "",
                            "http_success_feedback_role_arn": "",
                            "http_success_feedback_sample_rate": "0",
                            "id": "arn:aws:sns:ap-southeast-1:142253524356:scaleupscaledownalerts",
                            "lambda_failure_feedback_role_arn": "",
                            "lambda_success_feedback_role_arn": "",
                            "lambda_success_feedback_sample_rate": "0",
                            "name": "scaleupscaledownalerts",
                            "policy": "{\"Version\":\"2008-10-17\",\"Id\":\"__default_policy_ID\",\"Statement\":[{\"Sid\":\"__default_statement_ID\",\"Effect\":\"Allow\",\"Principal\":{\"AWS\":\"*\"},\"Action\":[\"SNS:GetTopicAttributes\",\"SNS:SetTopicAttributes\",\"SNS:AddPermission\",\"SNS:RemovePermission\",\"SNS:DeleteTopic\",\"SNS:Subscribe\",\"SNS:ListSubscriptionsByTopic\",\"SNS:Publish\",\"SNS:Receive\"],\"Resource\":\"arn:aws:sns:ap-southeast-1:142253524356:scaleupscaledownalerts\",\"Condition\":{\"StringEquals\":{\"AWS:SourceOwner\":\"142253524356\"}}}]}",
                            "sqs_failure_feedback_role_arn": "",
                            "sqs_success_feedback_role_arn": "",
                            "sqs_success_feedback_sample_rate": "0"
                        },
                        "meta": {},
                        "tainted": false
                    },
                    "deposed": [],
                    "provider": "provider.aws"
                }
            },
            "depends_on": []
        }
    ]
}
